
Microsoft Visual Studio Solution File, Format Version 12.00
# Visual Studio Version 17
VisualStudioVersion = 17.2.32602.215
MinimumVisualStudioVersion = 10.0.40219.1
Project("{9A19103F-16F7-4668-BE54-9A1E7A4F7556}") = "Bee", "ReVolt\Bee.csproj", "{0B2E1BA4-9017-486D-BF3B-4799C263B596}"
EndProject
Project("{FAE04EC0-301F-11D3-BF4B-00C04F79EFBC}") = "ReVolt", "Bees\ReVolt.csproj", "{BD7BFDA3-AEA0-4DE8-9DBB-37680CF7F508}"
EndProject
Global
	GlobalSection(SolutionConfigurationPlatforms) = preSolution
		Debug|Any CPU = Debug|Any CPU
		Release|Any CPU = Release|Any CPU
	EndGlobalSection
	GlobalSection(ProjectConfigurationPlatforms) = postSolution
		{0B2E1BA4-9017-486D-BF3B-4799C263B596}.Debug|Any CPU.ActiveCfg = Debug|Any CPU
		{0B2E1BA4-9017-486D-BF3B-4799C263B596}.Debug|Any CPU.Build.0 = Debug|Any CPU
		{0B2E1BA4-9017-486D-BF3B-4799C263B596}.Release|Any CPU.ActiveCfg = Release|Any CPU
		{0B2E1BA4-9017-486D-BF3B-4799C263B596}.Release|Any CPU.Build.0 = Release|Any CPU
		{BD7BFDA3-AEA0-4DE8-9DBB-37680CF7F508}.Debug|Any CPU.ActiveCfg = Debug|Any CPU
		{BD7BFDA3-AEA0-4DE8-9DBB-37680CF7F508}.Debug|Any CPU.Build.0 = Debug|Any CPU
		{BD7BFDA3-AEA0-4DE8-9DBB-37680CF7F508}.Release|Any CPU.ActiveCfg = Release|Any CPU
		{BD7BFDA3-AEA0-4DE8-9DBB-37680CF7F508}.Release|Any CPU.Build.0 = Release|Any CPU
	EndGlobalSection
	GlobalSection(SolutionProperties) = preSolution
		HideSolutionNode = FALSE
	EndGlobalSection
	GlobalSection(ExtensibilityGlobals) = postSolution
		SolutionGuid = {765B74E5-00C6-4EE0-9F31-D0E4666124D5}
	EndGlobalSection
EndGlobal
