
Microsoft Visual Studio Solution File, Format Version 12.00
# Visual Studio Version 17
VisualStudioVersion = 17.3.32929.385
MinimumVisualStudioVersion = 10.0.40219.1
Project("{FAE04EC0-301F-11D3-BF4B-00C04F79EFBC}") = "TheFightForGondor", "TheFightForGondor\TheFightForGondor.csproj", "{405D4D59-6321-4720-984A-FD019A602E8E}"
EndProject
Global
	GlobalSection(SolutionConfigurationPlatforms) = preSolution
		Debug|Any CPU = Debug|Any CPU
		Release|Any CPU = Release|Any CPU
	EndGlobalSection
	GlobalSection(ProjectConfigurationPlatforms) = postSolution
		{405D4D59-6321-4720-984A-FD019A602E8E}.Debug|Any CPU.ActiveCfg = Debug|Any CPU
		{405D4D59-6321-4720-984A-FD019A602E8E}.Debug|Any CPU.Build.0 = Debug|Any CPU
		{405D4D59-6321-4720-984A-FD019A602E8E}.Release|Any CPU.ActiveCfg = Release|Any CPU
		{405D4D59-6321-4720-984A-FD019A602E8E}.Release|Any CPU.Build.0 = Release|Any CPU
	EndGlobalSection
	GlobalSection(SolutionProperties) = preSolution
		HideSolutionNode = FALSE
	EndGlobalSection
	GlobalSection(ExtensibilityGlobals) = postSolution
		SolutionGuid = {6D98AB13-336E-4199-862B-5800EFFCB116}
	EndGlobalSection
EndGlobal
