
Microsoft Visual Studio Solution File, Format Version 12.00
# Visual Studio Version 17
VisualStudioVersion = 17.3.32901.215
MinimumVisualStudioVersion = 10.0.40219.1
Project("{FAE04EC0-301F-11D3-BF4B-00C04F79EFBC}") = "01.Masterchef", "01.Masterchef\01.Masterchef.csproj", "{55DD7D64-D7AC-41AC-A567-0FED9CD39D15}"
EndProject
Project("{FAE04EC0-301F-11D3-BF4B-00C04F79EFBC}") = "02.Survivor", "02.Survivor\02.Survivor.csproj", "{F8E81A72-53B7-49D0-B0C6-50E63F499D4F}"
EndProject
Global
	GlobalSection(SolutionConfigurationPlatforms) = preSolution
		Debug|Any CPU = Debug|Any CPU
		Release|Any CPU = Release|Any CPU
	EndGlobalSection
	GlobalSection(ProjectConfigurationPlatforms) = postSolution
		{55DD7D64-D7AC-41AC-A567-0FED9CD39D15}.Debug|Any CPU.ActiveCfg = Debug|Any CPU
		{55DD7D64-D7AC-41AC-A567-0FED9CD39D15}.Debug|Any CPU.Build.0 = Debug|Any CPU
		{55DD7D64-D7AC-41AC-A567-0FED9CD39D15}.Release|Any CPU.ActiveCfg = Release|Any CPU
		{55DD7D64-D7AC-41AC-A567-0FED9CD39D15}.Release|Any CPU.Build.0 = Release|Any CPU
		{F8E81A72-53B7-49D0-B0C6-50E63F499D4F}.Debug|Any CPU.ActiveCfg = Debug|Any CPU
		{F8E81A72-53B7-49D0-B0C6-50E63F499D4F}.Debug|Any CPU.Build.0 = Debug|Any CPU
		{F8E81A72-53B7-49D0-B0C6-50E63F499D4F}.Release|Any CPU.ActiveCfg = Release|Any CPU
		{F8E81A72-53B7-49D0-B0C6-50E63F499D4F}.Release|Any CPU.Build.0 = Release|Any CPU
	EndGlobalSection
	GlobalSection(SolutionProperties) = preSolution
		HideSolutionNode = FALSE
	EndGlobalSection
	GlobalSection(ExtensibilityGlobals) = postSolution
		SolutionGuid = {86B43328-15A9-4BA8-83C9-C3929BF60657}
	EndGlobalSection
EndGlobal
