
Microsoft Visual Studio Solution File, Format Version 12.00
# Visual Studio Version 17
VisualStudioVersion = 17.3.32901.215
MinimumVisualStudioVersion = 10.0.40219.1
Project("{FAE04EC0-301F-11D3-BF4B-00C04F79EFBC}") = "TruffleHunter", "TruffleHunter\TruffleHunter.csproj", "{55A42B66-DB09-4731-A3E2-FC7522E276BF}"
EndProject
Global
	GlobalSection(SolutionConfigurationPlatforms) = preSolution
		Debug|Any CPU = Debug|Any CPU
		Release|Any CPU = Release|Any CPU
	EndGlobalSection
	GlobalSection(ProjectConfigurationPlatforms) = postSolution
		{55A42B66-DB09-4731-A3E2-FC7522E276BF}.Debug|Any CPU.ActiveCfg = Debug|Any CPU
		{55A42B66-DB09-4731-A3E2-FC7522E276BF}.Debug|Any CPU.Build.0 = Debug|Any CPU
		{55A42B66-DB09-4731-A3E2-FC7522E276BF}.Release|Any CPU.ActiveCfg = Release|Any CPU
		{55A42B66-DB09-4731-A3E2-FC7522E276BF}.Release|Any CPU.Build.0 = Release|Any CPU
	EndGlobalSection
	GlobalSection(SolutionProperties) = preSolution
		HideSolutionNode = FALSE
	EndGlobalSection
	GlobalSection(ExtensibilityGlobals) = postSolution
		SolutionGuid = {FE8EA590-89B7-4236-B5A9-0A991F427685}
	EndGlobalSection
EndGlobal
