
Microsoft Visual Studio Solution File, Format Version 12.00
# Visual Studio Version 17
VisualStudioVersion = 17.3.32929.385
MinimumVisualStudioVersion = 10.0.40219.1
Project("{9A19103F-16F7-4668-BE54-9A1E7A4F7556}") = "BaristaContest", "BaristaContest\BaristaContest.csproj", "{6C021E3A-339C-4663-8455-0F487BAA922F}"
EndProject
Project("{9A19103F-16F7-4668-BE54-9A1E7A4F7556}") = "Basketball", "Basketball\Basketball.csproj", "{CC1D230C-E7B3-407D-8A87-5C8A10288DE0}"
EndProject
Project("{FAE04EC0-301F-11D3-BF4B-00C04F79EFBC}") = "Help-A-Mole", "Help-A-Mole\Help-A-Mole.csproj", "{74B884AC-BD39-449A-92D6-850E9B8B8BFC}"
EndProject
Global
	GlobalSection(SolutionConfigurationPlatforms) = preSolution
		Debug|Any CPU = Debug|Any CPU
		Release|Any CPU = Release|Any CPU
	EndGlobalSection
	GlobalSection(ProjectConfigurationPlatforms) = postSolution
		{6C021E3A-339C-4663-8455-0F487BAA922F}.Debug|Any CPU.ActiveCfg = Debug|Any CPU
		{6C021E3A-339C-4663-8455-0F487BAA922F}.Debug|Any CPU.Build.0 = Debug|Any CPU
		{6C021E3A-339C-4663-8455-0F487BAA922F}.Release|Any CPU.ActiveCfg = Release|Any CPU
		{6C021E3A-339C-4663-8455-0F487BAA922F}.Release|Any CPU.Build.0 = Release|Any CPU
		{CC1D230C-E7B3-407D-8A87-5C8A10288DE0}.Debug|Any CPU.ActiveCfg = Debug|Any CPU
		{CC1D230C-E7B3-407D-8A87-5C8A10288DE0}.Debug|Any CPU.Build.0 = Debug|Any CPU
		{CC1D230C-E7B3-407D-8A87-5C8A10288DE0}.Release|Any CPU.ActiveCfg = Release|Any CPU
		{CC1D230C-E7B3-407D-8A87-5C8A10288DE0}.Release|Any CPU.Build.0 = Release|Any CPU
		{74B884AC-BD39-449A-92D6-850E9B8B8BFC}.Debug|Any CPU.ActiveCfg = Debug|Any CPU
		{74B884AC-BD39-449A-92D6-850E9B8B8BFC}.Debug|Any CPU.Build.0 = Debug|Any CPU
		{74B884AC-BD39-449A-92D6-850E9B8B8BFC}.Release|Any CPU.ActiveCfg = Release|Any CPU
		{74B884AC-BD39-449A-92D6-850E9B8B8BFC}.Release|Any CPU.Build.0 = Release|Any CPU
	EndGlobalSection
	GlobalSection(SolutionProperties) = preSolution
		HideSolutionNode = FALSE
	EndGlobalSection
	GlobalSection(ExtensibilityGlobals) = postSolution
		SolutionGuid = {09720441-B06B-4D07-BC26-20650EC67C39}
	EndGlobalSection
EndGlobal
