
Microsoft Visual Studio Solution File, Format Version 12.00
# Visual Studio Version 17
VisualStudioVersion = 17.2.32602.215
MinimumVisualStudioVersion = 10.0.40219.1
Project("{FAE04EC0-301F-11D3-BF4B-00C04F79EFBC}") = "ListyIterator", "ListyIterator\ListyIterator.csproj", "{16909781-2052-431F-B87C-CE82F750BDBD}"
EndProject
Project("{FAE04EC0-301F-11D3-BF4B-00C04F79EFBC}") = "CustomStack", "CustomStack\CustomStack.csproj", "{41E30CD7-BF49-46DE-BBDC-764C50B7A0F5}"
EndProject
Project("{FAE04EC0-301F-11D3-BF4B-00C04F79EFBC}") = "Froggy", "Froggy\Froggy.csproj", "{B83B583F-FCE9-42C9-8934-1A2A200CECE9}"
EndProject
Global
	GlobalSection(SolutionConfigurationPlatforms) = preSolution
		Debug|Any CPU = Debug|Any CPU
		Release|Any CPU = Release|Any CPU
	EndGlobalSection
	GlobalSection(ProjectConfigurationPlatforms) = postSolution
		{16909781-2052-431F-B87C-CE82F750BDBD}.Debug|Any CPU.ActiveCfg = Debug|Any CPU
		{16909781-2052-431F-B87C-CE82F750BDBD}.Debug|Any CPU.Build.0 = Debug|Any CPU
		{16909781-2052-431F-B87C-CE82F750BDBD}.Release|Any CPU.ActiveCfg = Release|Any CPU
		{16909781-2052-431F-B87C-CE82F750BDBD}.Release|Any CPU.Build.0 = Release|Any CPU
		{41E30CD7-BF49-46DE-BBDC-764C50B7A0F5}.Debug|Any CPU.ActiveCfg = Debug|Any CPU
		{41E30CD7-BF49-46DE-BBDC-764C50B7A0F5}.Debug|Any CPU.Build.0 = Debug|Any CPU
		{41E30CD7-BF49-46DE-BBDC-764C50B7A0F5}.Release|Any CPU.ActiveCfg = Release|Any CPU
		{41E30CD7-BF49-46DE-BBDC-764C50B7A0F5}.Release|Any CPU.Build.0 = Release|Any CPU
		{B83B583F-FCE9-42C9-8934-1A2A200CECE9}.Debug|Any CPU.ActiveCfg = Debug|Any CPU
		{B83B583F-FCE9-42C9-8934-1A2A200CECE9}.Debug|Any CPU.Build.0 = Debug|Any CPU
		{B83B583F-FCE9-42C9-8934-1A2A200CECE9}.Release|Any CPU.ActiveCfg = Release|Any CPU
		{B83B583F-FCE9-42C9-8934-1A2A200CECE9}.Release|Any CPU.Build.0 = Release|Any CPU
	EndGlobalSection
	GlobalSection(SolutionProperties) = preSolution
		HideSolutionNode = FALSE
	EndGlobalSection
	GlobalSection(ExtensibilityGlobals) = postSolution
		SolutionGuid = {40939707-E97A-4C38-BFD4-7C2DF703414B}
	EndGlobalSection
EndGlobal
