
Microsoft Visual Studio Solution File, Format Version 12.00
# Visual Studio Version 17
VisualStudioVersion = 17.3.32901.215
MinimumVisualStudioVersion = 10.0.40219.1
Project("{9A19103F-16F7-4668-BE54-9A1E7A4F7556}") = "Vehicles", "Vehicles\Vehicles.csproj", "{B8FC4DFA-8980-4F06-AB6D-B85E58064FB9}"
EndProject
Project("{9A19103F-16F7-4668-BE54-9A1E7A4F7556}") = "VehiclesExtension", "VehiclesExtension\VehiclesExtension.csproj", "{0C797FA8-B8B8-45F6-8265-50774134C0E9}"
EndProject
Project("{FAE04EC0-301F-11D3-BF4B-00C04F79EFBC}") = "Raiding", "Raiding\Raiding.csproj", "{87653056-1501-4A55-BCC6-6AB907BEB98F}"
EndProject
Global
	GlobalSection(SolutionConfigurationPlatforms) = preSolution
		Debug|Any CPU = Debug|Any CPU
		Release|Any CPU = Release|Any CPU
	EndGlobalSection
	GlobalSection(ProjectConfigurationPlatforms) = postSolution
		{B8FC4DFA-8980-4F06-AB6D-B85E58064FB9}.Debug|Any CPU.ActiveCfg = Debug|Any CPU
		{B8FC4DFA-8980-4F06-AB6D-B85E58064FB9}.Debug|Any CPU.Build.0 = Debug|Any CPU
		{B8FC4DFA-8980-4F06-AB6D-B85E58064FB9}.Release|Any CPU.ActiveCfg = Release|Any CPU
		{B8FC4DFA-8980-4F06-AB6D-B85E58064FB9}.Release|Any CPU.Build.0 = Release|Any CPU
		{0C797FA8-B8B8-45F6-8265-50774134C0E9}.Debug|Any CPU.ActiveCfg = Debug|Any CPU
		{0C797FA8-B8B8-45F6-8265-50774134C0E9}.Debug|Any CPU.Build.0 = Debug|Any CPU
		{0C797FA8-B8B8-45F6-8265-50774134C0E9}.Release|Any CPU.ActiveCfg = Release|Any CPU
		{0C797FA8-B8B8-45F6-8265-50774134C0E9}.Release|Any CPU.Build.0 = Release|Any CPU
		{87653056-1501-4A55-BCC6-6AB907BEB98F}.Debug|Any CPU.ActiveCfg = Debug|Any CPU
		{87653056-1501-4A55-BCC6-6AB907BEB98F}.Debug|Any CPU.Build.0 = Debug|Any CPU
		{87653056-1501-4A55-BCC6-6AB907BEB98F}.Release|Any CPU.ActiveCfg = Release|Any CPU
		{87653056-1501-4A55-BCC6-6AB907BEB98F}.Release|Any CPU.Build.0 = Release|Any CPU
	EndGlobalSection
	GlobalSection(SolutionProperties) = preSolution
		HideSolutionNode = FALSE
	EndGlobalSection
	GlobalSection(ExtensibilityGlobals) = postSolution
		SolutionGuid = {046B9907-660E-48E7-834F-918DCE64CCE0}
	EndGlobalSection
EndGlobal
